// !$*UTF8*$!
{
	archiveVersion = 1;
	classes = {
	};
	objectVersion = 56;
	objects = {

/* Begin PBXBuildFile section */
		6820BFA82935249A0057F22B /* main.c in Sources */ = {isa = PBXBuildFile; fileRef = 6820BFA72935249A0057F22B /* main.c */; };
		6820BFA9293524EA0057F22B /* libluajit-5.1.a in Frameworks */ = {isa = PBXBuildFile; fileRef = 684385222934D43F000C4A1D /* libluajit-5.1.a */; };
		6820BFAA293524EA0057F22B /* libluv.a in Frameworks */ = {isa = PBXBuildFile; fileRef = 684385242934D440000C4A1D /* libluv.a */; };
		6820BFAB293524EA0057F22B /* libmsgpackc.a in Frameworks */ = {isa = PBXBuildFile; fileRef = 6843851F2934D43F000C4A1D /* libmsgpackc.a */; };
		6820BFAC293524EA0057F22B /* libtermkey.a in Frameworks */ = {isa = PBXBuildFile; fileRef = 684385232934D43F000C4A1D /* libtermkey.a */; };
		6820BFAD293524EA0057F22B /* libtree-sitter.a in Frameworks */ = {isa = PBXBuildFile; fileRef = 684385212934D43F000C4A1D /* libtree-sitter.a */; };
		6820BFAE293524EA0057F22B /* libunibilium.a in Frameworks */ = {isa = PBXBuildFile; fileRef = 6843851D2934D43F000C4A1D /* libunibilium.a */; };
		6820BFAF293524EA0057F22B /* libuv_a.a in Frameworks */ = {isa = PBXBuildFile; fileRef = 684385202934D43F000C4A1D /* libuv_a.a */; };
		6820BFB0293524EA0057F22B /* libvterm.a in Frameworks */ = {isa = PBXBuildFile; fileRef = 6843851E2934D43F000C4A1D /* libvterm.a */; };
		6820BFB1293525080057F22B /* libnvim.a in Frameworks */ = {isa = PBXBuildFile; fileRef = 6843851B2934D3EE000C4A1D /* libnvim.a */; };
		6820BFB2293525700057F22B /* libiconv.tbd in Frameworks */ = {isa = PBXBuildFile; fileRef = 6843852D2934D480000C4A1D /* libiconv.tbd */; };
		6820BFB32935257B0057F22B /* libintl.8.dylib in Frameworks */ = {isa = PBXBuildFile; fileRef = 6843852F2934D4A6000C4A1D /* libintl.8.dylib */; };
		6820BFB42935257B0057F22B /* libintl.8.dylib in Embed Libraries */ = {isa = PBXBuildFile; fileRef = 6843852F2934D4A6000C4A1D /* libintl.8.dylib */; settings = {ATTRIBUTES = (CodeSignOnCopy, ); }; };
		6820BFB7293525890057F22B /* CoreServices.framework in Frameworks */ = {isa = PBXBuildFile; fileRef = 6820BFB6293525890057F22B /* CoreServices.framework */; };
		6820BFBB293527790057F22B /* nvim in CopyFiles */ = {isa = PBXBuildFile; fileRef = 6820BF9E293524640057F22B /* nvim */; settings = {ATTRIBUTES = (CodeSignOnCopy, ); }; };
		684384D42934D04A000C4A1D /* AppDelegate.swift in Sources */ = {isa = PBXBuildFile; fileRef = 684384D22934D04A000C4A1D /* AppDelegate.swift */; };
		684384FC2934D17F000C4A1D /* NvimServiceAPI.framework in Frameworks */ = {isa = PBXBuildFile; fileRef = 684384F62934D17F000C4A1D /* NvimServiceAPI.framework */; };
		684384FD2934D17F000C4A1D /* NvimServiceAPI.framework in Embed Frameworks */ = {isa = PBXBuildFile; fileRef = 684384F62934D17F000C4A1D /* NvimServiceAPI.framework */; settings = {ATTRIBUTES = (CodeSignOnCopy, RemoveHeadersOnCopy, ); }; };
		684385042934D1D1000C4A1D /* NvimServiceProtocol.swift in Sources */ = {isa = PBXBuildFile; fileRef = 684384D92934D0A1000C4A1D /* NvimServiceProtocol.swift */; };
		684385142934D225000C4A1D /* NvimService.xpc in Embed XPC Services */ = {isa = PBXBuildFile; fileRef = 684385092934D225000C4A1D /* NvimService.xpc */; settings = {ATTRIBUTES = (RemoveHeadersOnCopy, ); }; };
		684385192934D295000C4A1D /* main.swift in Sources */ = {isa = PBXBuildFile; fileRef = 684384DD2934D0A1000C4A1D /* main.swift */; };
		6843851C2934D415000C4A1D /* libnvim.a in Frameworks */ = {isa = PBXBuildFile; fileRef = 6843851B2934D3EE000C4A1D /* libnvim.a */; };
		684385252934D45E000C4A1D /* libluajit-5.1.a in Frameworks */ = {isa = PBXBuildFile; fileRef = 684385222934D43F000C4A1D /* libluajit-5.1.a */; };
		684385262934D45E000C4A1D /* libluv.a in Frameworks */ = {isa = PBXBuildFile; fileRef = 684385242934D440000C4A1D /* libluv.a */; };
		684385272934D45E000C4A1D /* libmsgpackc.a in Frameworks */ = {isa = PBXBuildFile; fileRef = 6843851F2934D43F000C4A1D /* libmsgpackc.a */; };
		684385282934D45E000C4A1D /* libtermkey.a in Frameworks */ = {isa = PBXBuildFile; fileRef = 684385232934D43F000C4A1D /* libtermkey.a */; };
		684385292934D45E000C4A1D /* libtree-sitter.a in Frameworks */ = {isa = PBXBuildFile; fileRef = 684385212934D43F000C4A1D /* libtree-sitter.a */; };
		6843852A2934D45E000C4A1D /* libunibilium.a in Frameworks */ = {isa = PBXBuildFile; fileRef = 6843851D2934D43F000C4A1D /* libunibilium.a */; };
		6843852B2934D45E000C4A1D /* libuv_a.a in Frameworks */ = {isa = PBXBuildFile; fileRef = 684385202934D43F000C4A1D /* libuv_a.a */; };
		6843852C2934D45E000C4A1D /* libvterm.a in Frameworks */ = {isa = PBXBuildFile; fileRef = 6843851E2934D43F000C4A1D /* libvterm.a */; };
		6843852E2934D486000C4A1D /* libiconv.tbd in Frameworks */ = {isa = PBXBuildFile; fileRef = 6843852D2934D480000C4A1D /* libiconv.tbd */; };
		684385302934D4A6000C4A1D /* libintl.8.dylib in Frameworks */ = {isa = PBXBuildFile; fileRef = 6843852F2934D4A6000C4A1D /* libintl.8.dylib */; };
		684385312934D4A6000C4A1D /* libintl.8.dylib in Embed Libraries */ = {isa = PBXBuildFile; fileRef = 6843852F2934D4A6000C4A1D /* libintl.8.dylib */; settings = {ATTRIBUTES = (CodeSignOnCopy, ); }; };
		684C03EB2935376F00810852 /* MessagePacker.swift in Sources */ = {isa = PBXBuildFile; fileRef = 684C03EA2935376F00810852 /* MessagePacker.swift */; };
		684C03ED29354C0F00810852 /* RPCRequest.swift in Sources */ = {isa = PBXBuildFile; fileRef = 684C03EC29354C0F00810852 /* RPCRequest.swift */; };
		687290C029355A0900445435 /* RPCResponse.swift in Sources */ = {isa = PBXBuildFile; fileRef = 687290BF29355A0900445435 /* RPCResponse.swift */; };
		687290C329355AF500445435 /* RPCNotification.swift in Sources */ = {isa = PBXBuildFile; fileRef = 687290C129355AE800445435 /* RPCNotification.swift */; };
		687290C6293578D700445435 /* MessageRPC.swift in Sources */ = {isa = PBXBuildFile; fileRef = 687290C4293577C000445435 /* MessageRPC.swift */; };
		687E27412934FF7100DBE399 /* NvimServiceAPI.framework in Frameworks */ = {isa = PBXBuildFile; fileRef = 684384F62934D17F000C4A1D /* NvimServiceAPI.framework */; };
		687E27422934FF7100DBE399 /* NvimServiceAPI.framework in Embed Libraries */ = {isa = PBXBuildFile; fileRef = 684384F62934D17F000C4A1D /* NvimServiceAPI.framework */; settings = {ATTRIBUTES = (CodeSignOnCopy, RemoveHeadersOnCopy, ); }; };
		68BFEF472934CF6200564FE2 /* Assets.xcassets in Resources */ = {isa = PBXBuildFile; fileRef = 68BFEF462934CF6200564FE2 /* Assets.xcassets */; };
		68BFEF4A2934CF6200564FE2 /* MainMenu.xib in Resources */ = {isa = PBXBuildFile; fileRef = 68BFEF482934CF6200564FE2 /* MainMenu.xib */; };
		68E9FC412934D8CD00AE946A /* MessagePack.framework in Frameworks */ = {isa = PBXBuildFile; fileRef = 68E9FC3B2934D8CD00AE946A /* MessagePack.framework */; };
		68E9FC422934D8CD00AE946A /* MessagePack.framework in Embed Frameworks */ = {isa = PBXBuildFile; fileRef = 68E9FC3B2934D8CD00AE946A /* MessagePack.framework */; settings = {ATTRIBUTES = (CodeSignOnCopy, RemoveHeadersOnCopy, ); }; };
		68E9FC4B2934D93900AE946A /* MessagePack-Bridging-Header.h in Headers */ = {isa = PBXBuildFile; fileRef = 68E9FC4A2934D93900AE946A /* MessagePack-Bridging-Header.h */; };
		68E9FC4C2934D9B500AE946A /* libmsgpackc.a in Frameworks */ = {isa = PBXBuildFile; fileRef = 6843851F2934D43F000C4A1D /* libmsgpackc.a */; };
/* End PBXBuildFile section */

/* Begin PBXContainerItemProxy section */
		684384FA2934D17F000C4A1D /* PBXContainerItemProxy */ = {
			isa = PBXContainerItemProxy;
			containerPortal = 68BFEF392934CF6100564FE2 /* Project object */;
			proxyType = 1;
			remoteGlobalIDString = 684384F52934D17F000C4A1D;
			remoteInfo = NvimServiceAPI;
		};
		684385122934D225000C4A1D /* PBXContainerItemProxy */ = {
			isa = PBXContainerItemProxy;
			containerPortal = 68BFEF392934CF6100564FE2 /* Project object */;
			proxyType = 1;
			remoteGlobalIDString = 684385082934D225000C4A1D;
			remoteInfo = NvimService;
		};
		687E27432934FF7100DBE399 /* PBXContainerItemProxy */ = {
			isa = PBXContainerItemProxy;
			containerPortal = 68BFEF392934CF6100564FE2 /* Project object */;
			proxyType = 1;
			remoteGlobalIDString = 684384F52934D17F000C4A1D;
			remoteInfo = NvimServiceAPI;
		};
		68E9FC3F2934D8CD00AE946A /* PBXContainerItemProxy */ = {
			isa = PBXContainerItemProxy;
			containerPortal = 68BFEF392934CF6100564FE2 /* Project object */;
			proxyType = 1;
			remoteGlobalIDString = 68E9FC3A2934D8CD00AE946A;
			remoteInfo = MessagePack;
		};
/* End PBXContainerItemProxy section */

/* Begin PBXCopyFilesBuildPhase section */
		6820BF9C293524640057F22B /* CopyFiles */ = {
			isa = PBXCopyFilesBuildPhase;
			buildActionMask = 2147483647;
			dstPath = /usr/share/man/man1/;
			dstSubfolderSpec = 0;
			files = (
			);
			runOnlyForDeploymentPostprocessing = 1;
		};
		6820BFB52935257B0057F22B /* Embed Libraries */ = {
			isa = PBXCopyFilesBuildPhase;
			buildActionMask = 2147483647;
			dstPath = "";
			dstSubfolderSpec = 10;
			files = (
				6820BFB42935257B0057F22B /* libintl.8.dylib in Embed Libraries */,
			);
			name = "Embed Libraries";
			runOnlyForDeploymentPostprocessing = 0;
		};
		6820BFBA2935276F0057F22B /* CopyFiles */ = {
			isa = PBXCopyFilesBuildPhase;
			buildActionMask = 2147483647;
			dstPath = "";
			dstSubfolderSpec = 6;
			files = (
				6820BFBB293527790057F22B /* nvim in CopyFiles */,
			);
			runOnlyForDeploymentPostprocessing = 0;
		};
		684385012934D180000C4A1D /* Embed Frameworks */ = {
			isa = PBXCopyFilesBuildPhase;
			buildActionMask = 2147483647;
			dstPath = "";
			dstSubfolderSpec = 10;
			files = (
				684384FD2934D17F000C4A1D /* NvimServiceAPI.framework in Embed Frameworks */,
				68E9FC422934D8CD00AE946A /* MessagePack.framework in Embed Frameworks */,
			);
			name = "Embed Frameworks";
			runOnlyForDeploymentPostprocessing = 0;
		};
		684385182934D225000C4A1D /* Embed XPC Services */ = {
			isa = PBXCopyFilesBuildPhase;
			buildActionMask = 2147483647;
			dstPath = "$(CONTENTS_FOLDER_PATH)/XPCServices";
			dstSubfolderSpec = 16;
			files = (
				684385142934D225000C4A1D /* NvimService.xpc in Embed XPC Services */,
			);
			name = "Embed XPC Services";
			runOnlyForDeploymentPostprocessing = 0;
		};
		684385322934D4A6000C4A1D /* Embed Libraries */ = {
			isa = PBXCopyFilesBuildPhase;
			buildActionMask = 2147483647;
			dstPath = "";
			dstSubfolderSpec = 10;
			files = (
				684385312934D4A6000C4A1D /* libintl.8.dylib in Embed Libraries */,
				687E27422934FF7100DBE399 /* NvimServiceAPI.framework in Embed Libraries */,
			);
			name = "Embed Libraries";
			runOnlyForDeploymentPostprocessing = 0;
		};
/* End PBXCopyFilesBuildPhase section */

/* Begin PBXFileReference section */
		6820BF9E293524640057F22B /* nvim */ = {isa = PBXFileReference; explicitFileType = "compiled.mach-o.executable"; includeInIndex = 0; path = nvim; sourceTree = BUILT_PRODUCTS_DIR; };
		6820BFA72935249A0057F22B /* main.c */ = {isa = PBXFileReference; fileEncoding = 4; lastKnownFileType = sourcecode.c.c; path = main.c; sourceTree = "<group>"; };
		6820BFB6293525890057F22B /* CoreServices.framework */ = {isa = PBXFileReference; lastKnownFileType = wrapper.framework; name = CoreServices.framework; path = System/Library/Frameworks/CoreServices.framework; sourceTree = SDKROOT; };
		6820BFB9293527070057F22B /* nvim.entitlements */ = {isa = PBXFileReference; lastKnownFileType = text.plist.entitlements; path = nvim.entitlements; sourceTree = "<group>"; };
		684384D12934D04A000C4A1D /* Nims-Bridging-Header.h */ = {isa = PBXFileReference; fileEncoding = 4; lastKnownFileType = sourcecode.c.h; path = "Nims-Bridging-Header.h"; sourceTree = "<group>"; };
		684384D22934D04A000C4A1D /* AppDelegate.swift */ = {isa = PBXFileReference; fileEncoding = 4; lastKnownFileType = sourcecode.swift; path = AppDelegate.swift; sourceTree = "<group>"; };
		684384D92934D0A1000C4A1D /* NvimServiceProtocol.swift */ = {isa = PBXFileReference; fileEncoding = 4; lastKnownFileType = sourcecode.swift; path = NvimServiceProtocol.swift; sourceTree = "<group>"; };
		684384DC2934D0A1000C4A1D /* nvim_main.h */ = {isa = PBXFileReference; fileEncoding = 4; lastKnownFileType = sourcecode.c.h; path = nvim_main.h; sourceTree = "<group>"; };
		684384DD2934D0A1000C4A1D /* main.swift */ = {isa = PBXFileReference; fileEncoding = 4; lastKnownFileType = sourcecode.swift; path = main.swift; sourceTree = "<group>"; };
		684384DE2934D0A1000C4A1D /* NvimService-Bridging-Header.h */ = {isa = PBXFileReference; fileEncoding = 4; lastKnownFileType = sourcecode.c.h; path = "NvimService-Bridging-Header.h"; sourceTree = "<group>"; };
		684384DF2934D0A1000C4A1D /* Info.plist */ = {isa = PBXFileReference; fileEncoding = 4; lastKnownFileType = text.plist.xml; path = Info.plist; sourceTree = "<group>"; };
		684384F62934D17F000C4A1D /* NvimServiceAPI.framework */ = {isa = PBXFileReference; explicitFileType = wrapper.framework; includeInIndex = 0; path = NvimServiceAPI.framework; sourceTree = BUILT_PRODUCTS_DIR; };
		684385092934D225000C4A1D /* NvimService.xpc */ = {isa = PBXFileReference; explicitFileType = "wrapper.xpc-service"; includeInIndex = 0; path = NvimService.xpc; sourceTree = BUILT_PRODUCTS_DIR; };
		6843851B2934D3EE000C4A1D /* libnvim.a */ = {isa = PBXFileReference; lastKnownFileType = archive.ar; name = libnvim.a; path = "Third-Party/neovim/build/lib/libnvim.a"; sourceTree = "<group>"; };
		6843851D2934D43F000C4A1D /* libunibilium.a */ = {isa = PBXFileReference; lastKnownFileType = archive.ar; name = libunibilium.a; path = "Third-Party/neovim/.deps/usr/lib/libunibilium.a"; sourceTree = "<group>"; };
		6843851E2934D43F000C4A1D /* libvterm.a */ = {isa = PBXFileReference; lastKnownFileType = archive.ar; name = libvterm.a; path = "Third-Party/neovim/.deps/usr/lib/libvterm.a"; sourceTree = "<group>"; };
		6843851F2934D43F000C4A1D /* libmsgpackc.a */ = {isa = PBXFileReference; lastKnownFileType = archive.ar; name = libmsgpackc.a; path = "Third-Party/neovim/.deps/usr/lib/libmsgpackc.a"; sourceTree = "<group>"; };
		684385202934D43F000C4A1D /* libuv_a.a */ = {isa = PBXFileReference; lastKnownFileType = archive.ar; name = libuv_a.a; path = "Third-Party/neovim/.deps/usr/lib/libuv_a.a"; sourceTree = "<group>"; };
		684385212934D43F000C4A1D /* libtree-sitter.a */ = {isa = PBXFileReference; lastKnownFileType = archive.ar; name = "libtree-sitter.a"; path = "Third-Party/neovim/.deps/usr/lib/libtree-sitter.a"; sourceTree = "<group>"; };
		684385222934D43F000C4A1D /* libluajit-5.1.a */ = {isa = PBXFileReference; lastKnownFileType = archive.ar; name = "libluajit-5.1.a"; path = "Third-Party/neovim/.deps/usr/lib/libluajit-5.1.a"; sourceTree = "<group>"; };
		684385232934D43F000C4A1D /* libtermkey.a */ = {isa = PBXFileReference; lastKnownFileType = archive.ar; name = libtermkey.a; path = "Third-Party/neovim/.deps/usr/lib/libtermkey.a"; sourceTree = "<group>"; };
		684385242934D440000C4A1D /* libluv.a */ = {isa = PBXFileReference; lastKnownFileType = archive.ar; name = libluv.a; path = "Third-Party/neovim/.deps/usr/lib/libluv.a"; sourceTree = "<group>"; };
		6843852D2934D480000C4A1D /* libiconv.tbd */ = {isa = PBXFileReference; lastKnownFileType = "sourcecode.text-based-dylib-definition"; name = libiconv.tbd; path = usr/lib/libiconv.tbd; sourceTree = SDKROOT; };
		6843852F2934D4A6000C4A1D /* libintl.8.dylib */ = {isa = PBXFileReference; lastKnownFileType = "compiled.mach-o.dylib"; name = libintl.8.dylib; path = ../../../../../../opt/homebrew/Cellar/gettext/0.21.1/lib/libintl.8.dylib; sourceTree = "<group>"; };
		684C03EA2935376F00810852 /* MessagePacker.swift */ = {isa = PBXFileReference; lastKnownFileType = sourcecode.swift; path = MessagePacker.swift; sourceTree = "<group>"; };
		684C03EC29354C0F00810852 /* RPCRequest.swift */ = {isa = PBXFileReference; lastKnownFileType = sourcecode.swift; path = RPCRequest.swift; sourceTree = "<group>"; };
		687290BF29355A0900445435 /* RPCResponse.swift */ = {isa = PBXFileReference; lastKnownFileType = sourcecode.swift; path = RPCResponse.swift; sourceTree = "<group>"; };
		687290C129355AE800445435 /* RPCNotification.swift */ = {isa = PBXFileReference; lastKnownFileType = sourcecode.swift; path = RPCNotification.swift; sourceTree = "<group>"; };
		687290C4293577C000445435 /* MessageRPC.swift */ = {isa = PBXFileReference; lastKnownFileType = sourcecode.swift; path = MessageRPC.swift; sourceTree = "<group>"; };
		68BFEF412934CF6100564FE2 /* Nims.app */ = {isa = PBXFileReference; explicitFileType = wrapper.application; includeInIndex = 0; path = Nims.app; sourceTree = BUILT_PRODUCTS_DIR; };
		68BFEF462934CF6200564FE2 /* Assets.xcassets */ = {isa = PBXFileReference; lastKnownFileType = folder.assetcatalog; path = Assets.xcassets; sourceTree = "<group>"; };
		68BFEF492934CF6200564FE2 /* Base */ = {isa = PBXFileReference; lastKnownFileType = file.xib; name = Base; path = Base.lproj/MainMenu.xib; sourceTree = "<group>"; };
		68BFEF4B2934CF6200564FE2 /* Nims.entitlements */ = {isa = PBXFileReference; lastKnownFileType = text.plist.entitlements; path = Nims.entitlements; sourceTree = "<group>"; };
		68E9FC3B2934D8CD00AE946A /* MessagePack.framework */ = {isa = PBXFileReference; explicitFileType = wrapper.framework; includeInIndex = 0; path = MessagePack.framework; sourceTree = BUILT_PRODUCTS_DIR; };
		68E9FC4A2934D93900AE946A /* MessagePack-Bridging-Header.h */ = {isa = PBXFileReference; fileEncoding = 4; lastKnownFileType = sourcecode.c.h; path = "MessagePack-Bridging-Header.h"; sourceTree = "<group>"; };
/* End PBXFileReference section */

/* Begin PBXFrameworksBuildPhase section */
		6820BF9B293524640057F22B /* Frameworks */ = {
			isa = PBXFrameworksBuildPhase;
			buildActionMask = 2147483647;
			files = (
				6820BFAB293524EA0057F22B /* libmsgpackc.a in Frameworks */,
				6820BFAF293524EA0057F22B /* libuv_a.a in Frameworks */,
				6820BFB1293525080057F22B /* libnvim.a in Frameworks */,
				6820BFA9293524EA0057F22B /* libluajit-5.1.a in Frameworks */,
				6820BFB2293525700057F22B /* libiconv.tbd in Frameworks */,
				6820BFAE293524EA0057F22B /* libunibilium.a in Frameworks */,
				6820BFAA293524EA0057F22B /* libluv.a in Frameworks */,
				6820BFB7293525890057F22B /* CoreServices.framework in Frameworks */,
				6820BFB32935257B0057F22B /* libintl.8.dylib in Frameworks */,
				6820BFAC293524EA0057F22B /* libtermkey.a in Frameworks */,
				6820BFB0293524EA0057F22B /* libvterm.a in Frameworks */,
				6820BFAD293524EA0057F22B /* libtree-sitter.a in Frameworks */,
			);
			runOnlyForDeploymentPostprocessing = 0;
		};
		684384F32934D17F000C4A1D /* Frameworks */ = {
			isa = PBXFrameworksBuildPhase;
			buildActionMask = 2147483647;
			files = (
			);
			runOnlyForDeploymentPostprocessing = 0;
		};
		684385062934D225000C4A1D /* Frameworks */ = {
			isa = PBXFrameworksBuildPhase;
			buildActionMask = 2147483647;
			files = (
				684385292934D45E000C4A1D /* libtree-sitter.a in Frameworks */,
				684385272934D45E000C4A1D /* libmsgpackc.a in Frameworks */,
				6843852B2934D45E000C4A1D /* libuv_a.a in Frameworks */,
				6843852A2934D45E000C4A1D /* libunibilium.a in Frameworks */,
				6843852E2934D486000C4A1D /* libiconv.tbd in Frameworks */,
				687E27412934FF7100DBE399 /* NvimServiceAPI.framework in Frameworks */,
				684385262934D45E000C4A1D /* libluv.a in Frameworks */,
				6843851C2934D415000C4A1D /* libnvim.a in Frameworks */,
				684385302934D4A6000C4A1D /* libintl.8.dylib in Frameworks */,
				684385282934D45E000C4A1D /* libtermkey.a in Frameworks */,
				684385252934D45E000C4A1D /* libluajit-5.1.a in Frameworks */,
				6843852C2934D45E000C4A1D /* libvterm.a in Frameworks */,
			);
			runOnlyForDeploymentPostprocessing = 0;
		};
		68BFEF3E2934CF6100564FE2 /* Frameworks */ = {
			isa = PBXFrameworksBuildPhase;
			buildActionMask = 2147483647;
			files = (
				684384FC2934D17F000C4A1D /* NvimServiceAPI.framework in Frameworks */,
				68E9FC412934D8CD00AE946A /* MessagePack.framework in Frameworks */,
			);
			runOnlyForDeploymentPostprocessing = 0;
		};
		68E9FC382934D8CD00AE946A /* Frameworks */ = {
			isa = PBXFrameworksBuildPhase;
			buildActionMask = 2147483647;
			files = (
				68E9FC4C2934D9B500AE946A /* libmsgpackc.a in Frameworks */,
			);
			runOnlyForDeploymentPostprocessing = 0;
		};
/* End PBXFrameworksBuildPhase section */

/* Begin PBXGroup section */
		6820BFA52935246A0057F22B /* nvim */ = {
			isa = PBXGroup;
			children = (
				6820BFA6293524880057F22B /* src */,
				6820BFB9293527070057F22B /* nvim.entitlements */,
			);
			path = nvim;
			sourceTree = "<group>";
		};
		6820BFA6293524880057F22B /* src */ = {
			isa = PBXGroup;
			children = (
				6820BFA72935249A0057F22B /* main.c */,
			);
			path = src;
			sourceTree = "<group>";
		};
		684384D02934D04A000C4A1D /* Sources */ = {
			isa = PBXGroup;
			children = (
				684384D12934D04A000C4A1D /* Nims-Bridging-Header.h */,
				684384D22934D04A000C4A1D /* AppDelegate.swift */,
			);
			path = Sources;
			sourceTree = "<group>";
		};
		684384D62934D0A1000C4A1D /* Modules */ = {
			isa = PBXGroup;
			children = (
				6820BFA52935246A0057F22B /* nvim */,
				684384DA2934D0A1000C4A1D /* NvimService */,
				684384D72934D0A1000C4A1D /* NvimServiceAPI */,
				68E9FC462934D8E500AE946A /* MessagePack */,
			);
			path = Modules;
			sourceTree = "<group>";
		};
		684384D72934D0A1000C4A1D /* NvimServiceAPI */ = {
			isa = PBXGroup;
			children = (
				684384D82934D0A1000C4A1D /* Sources */,
			);
			path = NvimServiceAPI;
			sourceTree = "<group>";
		};
		684384D82934D0A1000C4A1D /* Sources */ = {
			isa = PBXGroup;
			children = (
				684384D92934D0A1000C4A1D /* NvimServiceProtocol.swift */,
			);
			path = Sources;
			sourceTree = "<group>";
		};
		684384DA2934D0A1000C4A1D /* NvimService */ = {
			isa = PBXGroup;
			children = (
				684384DB2934D0A1000C4A1D /* Sources */,
				684384DF2934D0A1000C4A1D /* Info.plist */,
			);
			path = NvimService;
			sourceTree = "<group>";
		};
		684384DB2934D0A1000C4A1D /* Sources */ = {
			isa = PBXGroup;
			children = (
				684384DE2934D0A1000C4A1D /* NvimService-Bridging-Header.h */,
				684384DC2934D0A1000C4A1D /* nvim_main.h */,
				684384DD2934D0A1000C4A1D /* main.swift */,
			);
			path = Sources;
			sourceTree = "<group>";
		};
		6843851A2934D3EE000C4A1D /* Frameworks */ = {
			isa = PBXGroup;
			children = (
				6820BFB6293525890057F22B /* CoreServices.framework */,
				6843852F2934D4A6000C4A1D /* libintl.8.dylib */,
				6843852D2934D480000C4A1D /* libiconv.tbd */,
				684385222934D43F000C4A1D /* libluajit-5.1.a */,
				684385242934D440000C4A1D /* libluv.a */,
				6843851F2934D43F000C4A1D /* libmsgpackc.a */,
				684385232934D43F000C4A1D /* libtermkey.a */,
				684385212934D43F000C4A1D /* libtree-sitter.a */,
				6843851D2934D43F000C4A1D /* libunibilium.a */,
				684385202934D43F000C4A1D /* libuv_a.a */,
				6843851E2934D43F000C4A1D /* libvterm.a */,
				6843851B2934D3EE000C4A1D /* libnvim.a */,
			);
			name = Frameworks;
			sourceTree = "<group>";
		};
		68BFEF382934CF6100564FE2 = {
			isa = PBXGroup;
			children = (
				68BFEF432934CF6100564FE2 /* Nims */,
				68BFEF422934CF6100564FE2 /* Products */,
				6843851A2934D3EE000C4A1D /* Frameworks */,
			);
			sourceTree = "<group>";
		};
		68BFEF422934CF6100564FE2 /* Products */ = {
			isa = PBXGroup;
			children = (
				68BFEF412934CF6100564FE2 /* Nims.app */,
				684384F62934D17F000C4A1D /* NvimServiceAPI.framework */,
				684385092934D225000C4A1D /* NvimService.xpc */,
				68E9FC3B2934D8CD00AE946A /* MessagePack.framework */,
				6820BF9E293524640057F22B /* nvim */,
			);
			name = Products;
			sourceTree = "<group>";
		};
		68BFEF432934CF6100564FE2 /* Nims */ = {
			isa = PBXGroup;
			children = (
				684384D02934D04A000C4A1D /* Sources */,
				684384D62934D0A1000C4A1D /* Modules */,
				68BFEF462934CF6200564FE2 /* Assets.xcassets */,
				68BFEF482934CF6200564FE2 /* MainMenu.xib */,
				68BFEF4B2934CF6200564FE2 /* Nims.entitlements */,
			);
			path = Nims;
			sourceTree = "<group>";
		};
		68E9FC462934D8E500AE946A /* MessagePack */ = {
			isa = PBXGroup;
			children = (
				68E9FC472934D8F600AE946A /* Sources */,
			);
			path = MessagePack;
			sourceTree = "<group>";
		};
		68E9FC472934D8F600AE946A /* Sources */ = {
			isa = PBXGroup;
			children = (
				68E9FC4A2934D93900AE946A /* MessagePack-Bridging-Header.h */,
				684C03EA2935376F00810852 /* MessagePacker.swift */,
				687290C4293577C000445435 /* MessageRPC.swift */,
				684C03EC29354C0F00810852 /* RPCRequest.swift */,
				687290BF29355A0900445435 /* RPCResponse.swift */,
				687290C129355AE800445435 /* RPCNotification.swift */,
			);
			path = Sources;
			sourceTree = "<group>";
		};
/* End PBXGroup section */

/* Begin PBXHeadersBuildPhase section */
		684384F12934D17F000C4A1D /* Headers */ = {
			isa = PBXHeadersBuildPhase;
			buildActionMask = 2147483647;
			files = (
			);
			runOnlyForDeploymentPostprocessing = 0;
		};
		68E9FC362934D8CD00AE946A /* Headers */ = {
			isa = PBXHeadersBuildPhase;
			buildActionMask = 2147483647;
			files = (
				68E9FC4B2934D93900AE946A /* MessagePack-Bridging-Header.h in Headers */,
			);
			runOnlyForDeploymentPostprocessing = 0;
		};
/* End PBXHeadersBuildPhase section */

/* Begin PBXNativeTarget section */
		6820BF9D293524640057F22B /* nvim */ = {
			isa = PBXNativeTarget;
			buildConfigurationList = 6820BFA4293524640057F22B /* Build configuration list for PBXNativeTarget "nvim" */;
			buildPhases = (
				6820BF9A293524640057F22B /* Sources */,
				6820BF9B293524640057F22B /* Frameworks */,
				6820BF9C293524640057F22B /* CopyFiles */,
				6820BFB52935257B0057F22B /* Embed Libraries */,
			);
			buildRules = (
			);
			dependencies = (
			);
			name = nvim;
			productName = nvim;
			productReference = 6820BF9E293524640057F22B /* nvim */;
			productType = "com.apple.product-type.tool";
		};
		684384F52934D17F000C4A1D /* NvimServiceAPI */ = {
			isa = PBXNativeTarget;
			buildConfigurationList = 684384FE2934D180000C4A1D /* Build configuration list for PBXNativeTarget "NvimServiceAPI" */;
			buildPhases = (
				684384F12934D17F000C4A1D /* Headers */,
				684384F22934D17F000C4A1D /* Sources */,
				684384F32934D17F000C4A1D /* Frameworks */,
				684384F42934D17F000C4A1D /* Resources */,
			);
			buildRules = (
			);
			dependencies = (
			);
			name = NvimServiceAPI;
			productName = NvimServiceAPI;
			productReference = 684384F62934D17F000C4A1D /* NvimServiceAPI.framework */;
			productType = "com.apple.product-type.framework";
		};
		684385082934D225000C4A1D /* NvimService */ = {
			isa = PBXNativeTarget;
			buildConfigurationList = 684385152934D225000C4A1D /* Build configuration list for PBXNativeTarget "NvimService" */;
			buildPhases = (
				684385052934D225000C4A1D /* Sources */,
				684385062934D225000C4A1D /* Frameworks */,
				684385072934D225000C4A1D /* Resources */,
				684385322934D4A6000C4A1D /* Embed Libraries */,
			);
			buildRules = (
			);
			dependencies = (
				687E27442934FF7100DBE399 /* PBXTargetDependency */,
			);
			name = NvimService;
			productName = NvimService;
			productReference = 684385092934D225000C4A1D /* NvimService.xpc */;
			productType = "com.apple.product-type.xpc-service";
		};
		68BFEF402934CF6100564FE2 /* Nims */ = {
			isa = PBXNativeTarget;
			buildConfigurationList = 68BFEF4E2934CF6200564FE2 /* Build configuration list for PBXNativeTarget "Nims" */;
			buildPhases = (
				68BFEF3D2934CF6100564FE2 /* Sources */,
				68BFEF3E2934CF6100564FE2 /* Frameworks */,
				68BFEF3F2934CF6100564FE2 /* Resources */,
				684385012934D180000C4A1D /* Embed Frameworks */,
				684385182934D225000C4A1D /* Embed XPC Services */,
				6820BFBA2935276F0057F22B /* CopyFiles */,
			);
			buildRules = (
			);
			dependencies = (
				684384FB2934D17F000C4A1D /* PBXTargetDependency */,
				684385132934D225000C4A1D /* PBXTargetDependency */,
				68E9FC402934D8CD00AE946A /* PBXTargetDependency */,
			);
			name = Nims;
			productName = Nims;
			productReference = 68BFEF412934CF6100564FE2 /* Nims.app */;
			productType = "com.apple.product-type.application";
		};
		68E9FC3A2934D8CD00AE946A /* MessagePack */ = {
			isa = PBXNativeTarget;
			buildConfigurationList = 68E9FC452934D8CD00AE946A /* Build configuration list for PBXNativeTarget "MessagePack" */;
			buildPhases = (
				68E9FC362934D8CD00AE946A /* Headers */,
				68E9FC372934D8CD00AE946A /* Sources */,
				68E9FC382934D8CD00AE946A /* Frameworks */,
				68E9FC392934D8CD00AE946A /* Resources */,
			);
			buildRules = (
			);
			dependencies = (
			);
			name = MessagePack;
			productName = MessagePack;
			productReference = 68E9FC3B2934D8CD00AE946A /* MessagePack.framework */;
			productType = "com.apple.product-type.framework";
		};
/* End PBXNativeTarget section */

/* Begin PBXProject section */
		68BFEF392934CF6100564FE2 /* Project object */ = {
			isa = PBXProject;
			attributes = {
				BuildIndependentTargetsInParallel = 1;
				LastSwiftUpdateCheck = 1410;
				LastUpgradeCheck = 1410;
				TargetAttributes = {
					6820BF9D293524640057F22B = {
						CreatedOnToolsVersion = 14.1;
					};
					684384F52934D17F000C4A1D = {
						CreatedOnToolsVersion = 14.1;
					};
					684385082934D225000C4A1D = {
						CreatedOnToolsVersion = 14.1;
					};
					68BFEF402934CF6100564FE2 = {
						CreatedOnToolsVersion = 14.1;
					};
					68E9FC3A2934D8CD00AE946A = {
						CreatedOnToolsVersion = 14.1;
						LastSwiftMigration = 1410;
					};
				};
			};
			buildConfigurationList = 68BFEF3C2934CF6100564FE2 /* Build configuration list for PBXProject "Nims" */;
			compatibilityVersion = "Xcode 14.0";
			developmentRegion = en;
			hasScannedForEncodings = 0;
			knownRegions = (
				en,
				Base,
			);
			mainGroup = 68BFEF382934CF6100564FE2;
			productRefGroup = 68BFEF422934CF6100564FE2 /* Products */;
			projectDirPath = "";
			projectRoot = "";
			targets = (
				68BFEF402934CF6100564FE2 /* Nims */,
				684385082934D225000C4A1D /* NvimService */,
				684384F52934D17F000C4A1D /* NvimServiceAPI */,
				68E9FC3A2934D8CD00AE946A /* MessagePack */,
				6820BF9D293524640057F22B /* nvim */,
			);
		};
/* End PBXProject section */

/* Begin PBXResourcesBuildPhase section */
		684384F42934D17F000C4A1D /* Resources */ = {
			isa = PBXResourcesBuildPhase;
			buildActionMask = 2147483647;
			files = (
			);
			runOnlyForDeploymentPostprocessing = 0;
		};
		684385072934D225000C4A1D /* Resources */ = {
			isa = PBXResourcesBuildPhase;
			buildActionMask = 2147483647;
			files = (
			);
			runOnlyForDeploymentPostprocessing = 0;
		};
		68BFEF3F2934CF6100564FE2 /* Resources */ = {
			isa = PBXResourcesBuildPhase;
			buildActionMask = 2147483647;
			files = (
				68BFEF472934CF6200564FE2 /* Assets.xcassets in Resources */,
				68BFEF4A2934CF6200564FE2 /* MainMenu.xib in Resources */,
			);
			runOnlyForDeploymentPostprocessing = 0;
		};
		68E9FC392934D8CD00AE946A /* Resources */ = {
			isa = PBXResourcesBuildPhase;
			buildActionMask = 2147483647;
			files = (
			);
			runOnlyForDeploymentPostprocessing = 0;
		};
/* End PBXResourcesBuildPhase section */

/* Begin PBXSourcesBuildPhase section */
		6820BF9A293524640057F22B /* Sources */ = {
			isa = PBXSourcesBuildPhase;
			buildActionMask = 2147483647;
			files = (
				6820BFA82935249A0057F22B /* main.c in Sources */,
			);
			runOnlyForDeploymentPostprocessing = 0;
		};
		684384F22934D17F000C4A1D /* Sources */ = {
			isa = PBXSourcesBuildPhase;
			buildActionMask = 2147483647;
			files = (
				684385042934D1D1000C4A1D /* NvimServiceProtocol.swift in Sources */,
			);
			runOnlyForDeploymentPostprocessing = 0;
		};
		684385052934D225000C4A1D /* Sources */ = {
			isa = PBXSourcesBuildPhase;
			buildActionMask = 2147483647;
			files = (
				684385192934D295000C4A1D /* main.swift in Sources */,
			);
			runOnlyForDeploymentPostprocessing = 0;
		};
		68BFEF3D2934CF6100564FE2 /* Sources */ = {
			isa = PBXSourcesBuildPhase;
			buildActionMask = 2147483647;
			files = (
				684384D42934D04A000C4A1D /* AppDelegate.swift in Sources */,
			);
			runOnlyForDeploymentPostprocessing = 0;
		};
		68E9FC372934D8CD00AE946A /* Sources */ = {
			isa = PBXSourcesBuildPhase;
			buildActionMask = 2147483647;
			files = (
				687290C329355AF500445435 /* RPCNotification.swift in Sources */,
				687290C6293578D700445435 /* MessageRPC.swift in Sources */,
				687290C029355A0900445435 /* RPCResponse.swift in Sources */,
				684C03ED29354C0F00810852 /* RPCRequest.swift in Sources */,
				684C03EB2935376F00810852 /* MessagePacker.swift in Sources */,
			);
			runOnlyForDeploymentPostprocessing = 0;
		};
/* End PBXSourcesBuildPhase section */

/* Begin PBXTargetDependency section */
		684384FB2934D17F000C4A1D /* PBXTargetDependency */ = {
			isa = PBXTargetDependency;
			target = 684384F52934D17F000C4A1D /* NvimServiceAPI */;
			targetProxy = 684384FA2934D17F000C4A1D /* PBXContainerItemProxy */;
		};
		684385132934D225000C4A1D /* PBXTargetDependency */ = {
			isa = PBXTargetDependency;
			target = 684385082934D225000C4A1D /* NvimService */;
			targetProxy = 684385122934D225000C4A1D /* PBXContainerItemProxy */;
		};
		687E27442934FF7100DBE399 /* PBXTargetDependency */ = {
			isa = PBXTargetDependency;
			target = 684384F52934D17F000C4A1D /* NvimServiceAPI */;
			targetProxy = 687E27432934FF7100DBE399 /* PBXContainerItemProxy */;
		};
		68E9FC402934D8CD00AE946A /* PBXTargetDependency */ = {
			isa = PBXTargetDependency;
			target = 68E9FC3A2934D8CD00AE946A /* MessagePack */;
			targetProxy = 68E9FC3F2934D8CD00AE946A /* PBXContainerItemProxy */;
		};
/* End PBXTargetDependency section */

/* Begin PBXVariantGroup section */
		68BFEF482934CF6200564FE2 /* MainMenu.xib */ = {
			isa = PBXVariantGroup;
			children = (
				68BFEF492934CF6200564FE2 /* Base */,
			);
			name = MainMenu.xib;
			sourceTree = "<group>";
		};
/* End PBXVariantGroup section */

/* Begin XCBuildConfiguration section */
		6820BFA2293524640057F22B /* Debug */ = {
			isa = XCBuildConfiguration;
			buildSettings = {
				CLANG_CXX_LANGUAGE_STANDARD = "gnu++20";
				CODE_SIGN_ENTITLEMENTS = Nims/Modules/nvim/nvim.entitlements;
				"CODE_SIGN_IDENTITY[sdk=macosx*]" = "-";
				CODE_SIGN_STYLE = Automatic;
				DEVELOPMENT_TEAM = WXA9R8SW25;
				ENABLE_HARDENED_RUNTIME = NO;
				GCC_C_LANGUAGE_STANDARD = gnu11;
				LIBRARY_SEARCH_PATHS = (
					"$(inherited)",
					"$(PROJECT_DIR)/Third-Party/neovim/.deps/usr/lib",
					"$(PROJECT_DIR)/Third-Party/neovim/build/lib",
					/opt/homebrew/Cellar/gettext/0.21.1/lib,
				);
				PRODUCT_NAME = "$(TARGET_NAME)";
			};
			name = Debug;
		};
		6820BFA3293524640057F22B /* Release */ = {
			isa = XCBuildConfiguration;
			buildSettings = {
				CLANG_CXX_LANGUAGE_STANDARD = "gnu++20";
				CODE_SIGN_ENTITLEMENTS = Nims/Modules/nvim/nvim.entitlements;
				"CODE_SIGN_IDENTITY[sdk=macosx*]" = "-";
				CODE_SIGN_STYLE = Automatic;
				DEVELOPMENT_TEAM = WXA9R8SW25;
				ENABLE_HARDENED_RUNTIME = NO;
				GCC_C_LANGUAGE_STANDARD = gnu11;
				LIBRARY_SEARCH_PATHS = (
					"$(inherited)",
					"$(PROJECT_DIR)/Third-Party/neovim/.deps/usr/lib",
					"$(PROJECT_DIR)/Third-Party/neovim/build/lib",
					/opt/homebrew/Cellar/gettext/0.21.1/lib,
				);
				PRODUCT_NAME = "$(TARGET_NAME)";
			};
			name = Release;
		};
		684384FF2934D180000C4A1D /* Debug */ = {
			isa = XCBuildConfiguration;
			buildSettings = {
				CODE_SIGN_IDENTITY = "Apple Development";
				CODE_SIGN_STYLE = Automatic;
				COMBINE_HIDPI_IMAGES = YES;
				CURRENT_PROJECT_VERSION = 1;
				DEFINES_MODULE = YES;
				DEVELOPMENT_TEAM = WXA9R8SW25;
				DYLIB_COMPATIBILITY_VERSION = 1;
				DYLIB_CURRENT_VERSION = 1;
				DYLIB_INSTALL_NAME_BASE = "@rpath";
				GENERATE_INFOPLIST_FILE = YES;
				HEADER_SEARCH_PATHS = "$(inherited)";
				INFOPLIST_KEY_NSHumanReadableCopyright = "";
				INSTALL_PATH = "$(LOCAL_LIBRARY_DIR)/Frameworks";
				LD_RUNPATH_SEARCH_PATHS = (
					"$(inherited)",
					"@executable_path/../Frameworks",
					"@loader_path/Frameworks",
				);
				MACOSX_DEPLOYMENT_TARGET = 13.0;
				MARKETING_VERSION = 1.0;
				PRODUCT_BUNDLE_IDENTIFIER = foxacid7cd.Nims.NvimServiceAPI;
				PRODUCT_NAME = "$(TARGET_NAME:c99extidentifier)";
				SKIP_INSTALL = YES;
				SWIFT_EMIT_LOC_STRINGS = YES;
				SWIFT_VERSION = 5.0;
				VERSIONING_SYSTEM = "apple-generic";
				VERSION_INFO_PREFIX = "";
			};
			name = Debug;
		};
		684385002934D180000C4A1D /* Release */ = {
			isa = XCBuildConfiguration;
			buildSettings = {
				CODE_SIGN_IDENTITY = "Apple Development";
				CODE_SIGN_STYLE = Automatic;
				COMBINE_HIDPI_IMAGES = YES;
				CURRENT_PROJECT_VERSION = 1;
				DEFINES_MODULE = YES;
				DEVELOPMENT_TEAM = WXA9R8SW25;
				DYLIB_COMPATIBILITY_VERSION = 1;
				DYLIB_CURRENT_VERSION = 1;
				DYLIB_INSTALL_NAME_BASE = "@rpath";
				GENERATE_INFOPLIST_FILE = YES;
				HEADER_SEARCH_PATHS = "$(inherited)";
				INFOPLIST_KEY_NSHumanReadableCopyright = "";
				INSTALL_PATH = "$(LOCAL_LIBRARY_DIR)/Frameworks";
				LD_RUNPATH_SEARCH_PATHS = (
					"$(inherited)",
					"@executable_path/../Frameworks",
					"@loader_path/Frameworks",
				);
				MACOSX_DEPLOYMENT_TARGET = 13.0;
				MARKETING_VERSION = 1.0;
				PRODUCT_BUNDLE_IDENTIFIER = foxacid7cd.Nims.NvimServiceAPI;
				PRODUCT_NAME = "$(TARGET_NAME:c99extidentifier)";
				SKIP_INSTALL = YES;
				SWIFT_EMIT_LOC_STRINGS = YES;
				SWIFT_VERSION = 5.0;
				VERSIONING_SYSTEM = "apple-generic";
				VERSION_INFO_PREFIX = "";
			};
			name = Release;
		};
		684385162934D225000C4A1D /* Debug */ = {
			isa = XCBuildConfiguration;
			buildSettings = {
				CODE_SIGN_STYLE = Automatic;
				COMBINE_HIDPI_IMAGES = YES;
				CURRENT_PROJECT_VERSION = 1;
				DEVELOPMENT_TEAM = WXA9R8SW25;
				GENERATE_INFOPLIST_FILE = YES;
				HEADER_SEARCH_PATHS = "$(inherited)";
				INFOPLIST_FILE = Nims/Modules/NvimService/Info.plist;
				INFOPLIST_KEY_CFBundleDisplayName = NvimService;
				INFOPLIST_KEY_NSHumanReadableCopyright = "";
				LIBRARY_SEARCH_PATHS = (
					"$(inherited)",
					"$(PROJECT_DIR)/Third-Party/neovim/build/lib",
					"$(PROJECT_DIR)/Third-Party/neovim/.deps/usr/lib",
					/opt/homebrew/Cellar/gettext/0.21.1/lib,
				);
				MACOSX_DEPLOYMENT_TARGET = 13.0;
				MARKETING_VERSION = 1.0;
				PRODUCT_BUNDLE_IDENTIFIER = foxacid7cd.Nims.NvimService;
				PRODUCT_NAME = "$(TARGET_NAME)";
				SKIP_INSTALL = YES;
				SWIFT_EMIT_LOC_STRINGS = YES;
				SWIFT_OBJC_BRIDGING_HEADER = "Nims/Modules/NvimService/Sources/NvimService-Bridging-Header.h";
				SWIFT_VERSION = 5.0;
			};
			name = Debug;
		};
		684385172934D225000C4A1D /* Release */ = {
			isa = XCBuildConfiguration;
			buildSettings = {
				CODE_SIGN_STYLE = Automatic;
				COMBINE_HIDPI_IMAGES = YES;
				CURRENT_PROJECT_VERSION = 1;
				DEVELOPMENT_TEAM = WXA9R8SW25;
				GENERATE_INFOPLIST_FILE = YES;
				HEADER_SEARCH_PATHS = "$(inherited)";
				INFOPLIST_FILE = Nims/Modules/NvimService/Info.plist;
				INFOPLIST_KEY_CFBundleDisplayName = NvimService;
				INFOPLIST_KEY_NSHumanReadableCopyright = "";
				LIBRARY_SEARCH_PATHS = (
					"$(inherited)",
					"$(PROJECT_DIR)/Third-Party/neovim/build/lib",
					"$(PROJECT_DIR)/Third-Party/neovim/.deps/usr/lib",
					/opt/homebrew/Cellar/gettext/0.21.1/lib,
				);
				MACOSX_DEPLOYMENT_TARGET = 13.0;
				MARKETING_VERSION = 1.0;
				PRODUCT_BUNDLE_IDENTIFIER = foxacid7cd.Nims.NvimService;
				PRODUCT_NAME = "$(TARGET_NAME)";
				SKIP_INSTALL = YES;
				SWIFT_EMIT_LOC_STRINGS = YES;
				SWIFT_OBJC_BRIDGING_HEADER = "Nims/Modules/NvimService/Sources/NvimService-Bridging-Header.h";
				SWIFT_VERSION = 5.0;
			};
			name = Release;
		};
		68BFEF4C2934CF6200564FE2 /* Debug */ = {
			isa = XCBuildConfiguration;
			buildSettings = {
				ALWAYS_SEARCH_USER_PATHS = NO;
				CLANG_ANALYZER_NONNULL = YES;
				CLANG_ANALYZER_NUMBER_OBJECT_CONVERSION = YES_AGGRESSIVE;
				CLANG_CXX_LANGUAGE_STANDARD = "c++20";
				CLANG_ENABLE_MODULES = YES;
				CLANG_ENABLE_OBJC_ARC = YES;
				CLANG_ENABLE_OBJC_WEAK = YES;
				CLANG_WARN_BLOCK_CAPTURE_AUTORELEASING = YES;
				CLANG_WARN_BOOL_CONVERSION = YES;
				CLANG_WARN_COMMA = YES;
				CLANG_WARN_CONSTANT_CONVERSION = YES;
				CLANG_WARN_DEPRECATED_OBJC_IMPLEMENTATIONS = YES;
				CLANG_WARN_DIRECT_OBJC_ISA_USAGE = YES_ERROR;
				CLANG_WARN_DOCUMENTATION_COMMENTS = YES;
				CLANG_WARN_EMPTY_BODY = YES;
				CLANG_WARN_ENUM_CONVERSION = YES;
				CLANG_WARN_INFINITE_RECURSION = YES;
				CLANG_WARN_INT_CONVERSION = YES;
				CLANG_WARN_NON_LITERAL_NULL_CONVERSION = YES;
				CLANG_WARN_OBJC_IMPLICIT_RETAIN_SELF = YES;
				CLANG_WARN_OBJC_LITERAL_CONVERSION = YES;
				CLANG_WARN_OBJC_ROOT_CLASS = YES_ERROR;
				CLANG_WARN_QUOTED_INCLUDE_IN_FRAMEWORK_HEADER = YES;
				CLANG_WARN_RANGE_LOOP_ANALYSIS = YES;
				CLANG_WARN_STRICT_PROTOTYPES = YES;
				CLANG_WARN_SUSPICIOUS_MOVE = YES;
				CLANG_WARN_UNGUARDED_AVAILABILITY = YES_AGGRESSIVE;
				CLANG_WARN_UNREACHABLE_CODE = YES;
				CLANG_WARN__DUPLICATE_METHOD_MATCH = YES;
				COPY_PHASE_STRIP = NO;
				DEBUG_INFORMATION_FORMAT = dwarf;
				ENABLE_STRICT_OBJC_MSGSEND = YES;
				ENABLE_TESTABILITY = YES;
				GCC_C_LANGUAGE_STANDARD = c11;
				GCC_DYNAMIC_NO_PIC = NO;
				GCC_NO_COMMON_BLOCKS = YES;
				GCC_OPTIMIZATION_LEVEL = 0;
				GCC_PREPROCESSOR_DEFINITIONS = (
					"DEBUG=1",
					"$(inherited)",
				);
				GCC_WARN_64_TO_32_BIT_CONVERSION = YES;
				GCC_WARN_ABOUT_RETURN_TYPE = YES_ERROR;
				GCC_WARN_UNDECLARED_SELECTOR = YES;
				GCC_WARN_UNINITIALIZED_AUTOS = YES_AGGRESSIVE;
				GCC_WARN_UNUSED_FUNCTION = YES;
				GCC_WARN_UNUSED_VARIABLE = YES;
				HEADER_SEARCH_PATHS = "Third-Party/neovim/.deps/usr/include";
				MACOSX_DEPLOYMENT_TARGET = 13.0;
				MTL_ENABLE_DEBUG_INFO = INCLUDE_SOURCE;
				MTL_FAST_MATH = YES;
				ONLY_ACTIVE_ARCH = YES;
				SDKROOT = macosx;
				SWIFT_ACTIVE_COMPILATION_CONDITIONS = DEBUG;
				SWIFT_OPTIMIZATION_LEVEL = "-Onone";
				SWIFT_STRICT_CONCURRENCY = minimal;
			};
			name = Debug;
		};
		68BFEF4D2934CF6200564FE2 /* Release */ = {
			isa = XCBuildConfiguration;
			buildSettings = {
				ALWAYS_SEARCH_USER_PATHS = NO;
				CLANG_ANALYZER_NONNULL = YES;
				CLANG_ANALYZER_NUMBER_OBJECT_CONVERSION = YES_AGGRESSIVE;
				CLANG_CXX_LANGUAGE_STANDARD = "c++20";
				CLANG_ENABLE_MODULES = YES;
				CLANG_ENABLE_OBJC_ARC = YES;
				CLANG_ENABLE_OBJC_WEAK = YES;
				CLANG_WARN_BLOCK_CAPTURE_AUTORELEASING = YES;
				CLANG_WARN_BOOL_CONVERSION = YES;
				CLANG_WARN_COMMA = YES;
				CLANG_WARN_CONSTANT_CONVERSION = YES;
				CLANG_WARN_DEPRECATED_OBJC_IMPLEMENTATIONS = YES;
				CLANG_WARN_DIRECT_OBJC_ISA_USAGE = YES_ERROR;
				CLANG_WARN_DOCUMENTATION_COMMENTS = YES;
				CLANG_WARN_EMPTY_BODY = YES;
				CLANG_WARN_ENUM_CONVERSION = YES;
				CLANG_WARN_INFINITE_RECURSION = YES;
				CLANG_WARN_INT_CONVERSION = YES;
				CLANG_WARN_NON_LITERAL_NULL_CONVERSION = YES;
				CLANG_WARN_OBJC_IMPLICIT_RETAIN_SELF = YES;
				CLANG_WARN_OBJC_LITERAL_CONVERSION = YES;
				CLANG_WARN_OBJC_ROOT_CLASS = YES_ERROR;
				CLANG_WARN_QUOTED_INCLUDE_IN_FRAMEWORK_HEADER = YES;
				CLANG_WARN_RANGE_LOOP_ANALYSIS = YES;
				CLANG_WARN_STRICT_PROTOTYPES = YES;
				CLANG_WARN_SUSPICIOUS_MOVE = YES;
				CLANG_WARN_UNGUARDED_AVAILABILITY = YES_AGGRESSIVE;
				CLANG_WARN_UNREACHABLE_CODE = YES;
				CLANG_WARN__DUPLICATE_METHOD_MATCH = YES;
				COPY_PHASE_STRIP = NO;
				DEBUG_INFORMATION_FORMAT = "dwarf-with-dsym";
				ENABLE_NS_ASSERTIONS = NO;
				ENABLE_STRICT_OBJC_MSGSEND = YES;
				GCC_C_LANGUAGE_STANDARD = c11;
				GCC_NO_COMMON_BLOCKS = YES;
				GCC_WARN_64_TO_32_BIT_CONVERSION = YES;
				GCC_WARN_ABOUT_RETURN_TYPE = YES_ERROR;
				GCC_WARN_UNDECLARED_SELECTOR = YES;
				GCC_WARN_UNINITIALIZED_AUTOS = YES_AGGRESSIVE;
				GCC_WARN_UNUSED_FUNCTION = YES;
				GCC_WARN_UNUSED_VARIABLE = YES;
				HEADER_SEARCH_PATHS = "Third-Party/neovim/.deps/usr/include";
				MACOSX_DEPLOYMENT_TARGET = 13.0;
				MTL_ENABLE_DEBUG_INFO = NO;
				MTL_FAST_MATH = YES;
				SDKROOT = macosx;
				SWIFT_COMPILATION_MODE = wholemodule;
				SWIFT_OPTIMIZATION_LEVEL = "-O";
				SWIFT_STRICT_CONCURRENCY = minimal;
			};
			name = Release;
		};
		68BFEF4F2934CF6200564FE2 /* Debug */ = {
			isa = XCBuildConfiguration;
			buildSettings = {
				ALWAYS_EMBED_SWIFT_STANDARD_LIBRARIES = YES;
				ASSETCATALOG_COMPILER_APPICON_NAME = AppIcon;
				ASSETCATALOG_COMPILER_GLOBAL_ACCENT_COLOR_NAME = AccentColor;
				CODE_SIGN_ENTITLEMENTS = Nims/Nims.entitlements;
				"CODE_SIGN_IDENTITY[sdk=macosx*]" = "Apple Development";
				CODE_SIGN_STYLE = Automatic;
				COMBINE_HIDPI_IMAGES = YES;
				CURRENT_PROJECT_VERSION = 1;
				DEVELOPMENT_TEAM = WXA9R8SW25;
				GENERATE_INFOPLIST_FILE = YES;
				HEADER_SEARCH_PATHS = "$(inherited)";
				INFOPLIST_KEY_NSHumanReadableCopyright = "Copyright © 2022 foxacid7cd. All rights reserved.";
				INFOPLIST_KEY_NSMainNibFile = MainMenu;
				INFOPLIST_KEY_NSPrincipalClass = NSApplication;
				LD_RUNPATH_SEARCH_PATHS = (
					"$(inherited)",
					"@executable_path/../Frameworks",
				);
				MACOSX_DEPLOYMENT_TARGET = 13.0;
				MARKETING_VERSION = 1.0;
				PRODUCT_BUNDLE_IDENTIFIER = foxacid7cd.Nims;
				PRODUCT_NAME = "$(TARGET_NAME)";
				SWIFT_EMIT_LOC_STRINGS = YES;
				SWIFT_VERSION = 5.0;
			};
			name = Debug;
		};
		68BFEF502934CF6200564FE2 /* Release */ = {
			isa = XCBuildConfiguration;
			buildSettings = {
				ALWAYS_EMBED_SWIFT_STANDARD_LIBRARIES = YES;
				ASSETCATALOG_COMPILER_APPICON_NAME = AppIcon;
				ASSETCATALOG_COMPILER_GLOBAL_ACCENT_COLOR_NAME = AccentColor;
				CODE_SIGN_ENTITLEMENTS = Nims/Nims.entitlements;
				"CODE_SIGN_IDENTITY[sdk=macosx*]" = "Apple Development";
				CODE_SIGN_STYLE = Automatic;
				COMBINE_HIDPI_IMAGES = YES;
				CURRENT_PROJECT_VERSION = 1;
				DEVELOPMENT_TEAM = WXA9R8SW25;
				GENERATE_INFOPLIST_FILE = YES;
				HEADER_SEARCH_PATHS = "$(inherited)";
				INFOPLIST_KEY_NSHumanReadableCopyright = "Copyright © 2022 foxacid7cd. All rights reserved.";
				INFOPLIST_KEY_NSMainNibFile = MainMenu;
				INFOPLIST_KEY_NSPrincipalClass = NSApplication;
				LD_RUNPATH_SEARCH_PATHS = (
					"$(inherited)",
					"@executable_path/../Frameworks",
				);
				MACOSX_DEPLOYMENT_TARGET = 13.0;
				MARKETING_VERSION = 1.0;
				PRODUCT_BUNDLE_IDENTIFIER = foxacid7cd.Nims;
				PRODUCT_NAME = "$(TARGET_NAME)";
				SWIFT_EMIT_LOC_STRINGS = YES;
				SWIFT_VERSION = 5.0;
			};
			name = Release;
		};
		68E9FC432934D8CD00AE946A /* Debug */ = {
			isa = XCBuildConfiguration;
			buildSettings = {
				CLANG_ENABLE_MODULES = YES;
				CODE_SIGN_IDENTITY = "Apple Development";
				CODE_SIGN_STYLE = Automatic;
				COMBINE_HIDPI_IMAGES = YES;
				CURRENT_PROJECT_VERSION = 1;
				DEFINES_MODULE = YES;
				DEVELOPMENT_TEAM = WXA9R8SW25;
				DYLIB_COMPATIBILITY_VERSION = 1;
				DYLIB_CURRENT_VERSION = 1;
				DYLIB_INSTALL_NAME_BASE = "@rpath";
				GENERATE_INFOPLIST_FILE = YES;
				HEADER_SEARCH_PATHS = "$(inherited)";
				INFOPLIST_KEY_NSHumanReadableCopyright = "";
				INSTALL_PATH = "$(LOCAL_LIBRARY_DIR)/Frameworks";
				LD_RUNPATH_SEARCH_PATHS = (
					"$(inherited)",
					"@executable_path/../Frameworks",
					"@loader_path/Frameworks",
				);
				LIBRARY_SEARCH_PATHS = (
					"$(inherited)",
					"$(PROJECT_DIR)/Third-Party/neovim/.deps/usr/lib",
				);
				MACOSX_DEPLOYMENT_TARGET = 13.0;
				MARKETING_VERSION = 1.0;
				PRODUCT_BUNDLE_IDENTIFIER = foxacid7cd.Nims.MessagePack;
				PRODUCT_NAME = "$(TARGET_NAME:c99extidentifier)";
				SKIP_INSTALL = YES;
				SWIFT_EMIT_LOC_STRINGS = YES;
				SWIFT_OBJC_BRIDGING_HEADER = "Nims/Modules/MessagePack/Sources/MessagePack-Bridging-Header.h";
				SWIFT_OPTIMIZATION_LEVEL = "-Onone";
				SWIFT_VERSION = 5.0;
				VERSIONING_SYSTEM = "apple-generic";
				VERSION_INFO_PREFIX = "";
			};
			name = Debug;
		};
		68E9FC442934D8CD00AE946A /* Release */ = {
			isa = XCBuildConfiguration;
			buildSettings = {
				CLANG_ENABLE_MODULES = YES;
				CODE_SIGN_IDENTITY = "Apple Development";
				CODE_SIGN_STYLE = Automatic;
				COMBINE_HIDPI_IMAGES = YES;
				CURRENT_PROJECT_VERSION = 1;
				DEFINES_MODULE = YES;
				DEVELOPMENT_TEAM = WXA9R8SW25;
				DYLIB_COMPATIBILITY_VERSION = 1;
				DYLIB_CURRENT_VERSION = 1;
				DYLIB_INSTALL_NAME_BASE = "@rpath";
				GENERATE_INFOPLIST_FILE = YES;
				HEADER_SEARCH_PATHS = "$(inherited)";
				INFOPLIST_KEY_NSHumanReadableCopyright = "";
				INSTALL_PATH = "$(LOCAL_LIBRARY_DIR)/Frameworks";
				LD_RUNPATH_SEARCH_PATHS = (
					"$(inherited)",
					"@executable_path/../Frameworks",
					"@loader_path/Frameworks",
				);
				LIBRARY_SEARCH_PATHS = (
					"$(inherited)",
					"$(PROJECT_DIR)/Third-Party/neovim/.deps/usr/lib",
				);
				MACOSX_DEPLOYMENT_TARGET = 13.0;
				MARKETING_VERSION = 1.0;
				PRODUCT_BUNDLE_IDENTIFIER = foxacid7cd.Nims.MessagePack;
				PRODUCT_NAME = "$(TARGET_NAME:c99extidentifier)";
				SKIP_INSTALL = YES;
				SWIFT_EMIT_LOC_STRINGS = YES;
				SWIFT_OBJC_BRIDGING_HEADER = "Nims/Modules/MessagePack/Sources/MessagePack-Bridging-Header.h";
				SWIFT_VERSION = 5.0;
				VERSIONING_SYSTEM = "apple-generic";
				VERSION_INFO_PREFIX = "";
			};
			name = Release;
		};
/* End XCBuildConfiguration section */

/* Begin XCConfigurationList section */
		6820BFA4293524640057F22B /* Build configuration list for PBXNativeTarget "nvim" */ = {
			isa = XCConfigurationList;
			buildConfigurations = (
				6820BFA2293524640057F22B /* Debug */,
				6820BFA3293524640057F22B /* Release */,
			);
			defaultConfigurationIsVisible = 0;
			defaultConfigurationName = Release;
		};
		684384FE2934D180000C4A1D /* Build configuration list for PBXNativeTarget "NvimServiceAPI" */ = {
			isa = XCConfigurationList;
			buildConfigurations = (
				684384FF2934D180000C4A1D /* Debug */,
				684385002934D180000C4A1D /* Release */,
			);
			defaultConfigurationIsVisible = 0;
			defaultConfigurationName = Release;
		};
		684385152934D225000C4A1D /* Build configuration list for PBXNativeTarget "NvimService" */ = {
			isa = XCConfigurationList;
			buildConfigurations = (
				684385162934D225000C4A1D /* Debug */,
				684385172934D225000C4A1D /* Release */,
			);
			defaultConfigurationIsVisible = 0;
			defaultConfigurationName = Release;
		};
		68BFEF3C2934CF6100564FE2 /* Build configuration list for PBXProject "Nims" */ = {
			isa = XCConfigurationList;
			buildConfigurations = (
				68BFEF4C2934CF6200564FE2 /* Debug */,
				68BFEF4D2934CF6200564FE2 /* Release */,
			);
			defaultConfigurationIsVisible = 0;
			defaultConfigurationName = Release;
		};
		68BFEF4E2934CF6200564FE2 /* Build configuration list for PBXNativeTarget "Nims" */ = {
			isa = XCConfigurationList;
			buildConfigurations = (
				68BFEF4F2934CF6200564FE2 /* Debug */,
				68BFEF502934CF6200564FE2 /* Release */,
			);
			defaultConfigurationIsVisible = 0;
			defaultConfigurationName = Release;
		};
		68E9FC452934D8CD00AE946A /* Build configuration list for PBXNativeTarget "MessagePack" */ = {
			isa = XCConfigurationList;
			buildConfigurations = (
				68E9FC432934D8CD00AE946A /* Debug */,
				68E9FC442934D8CD00AE946A /* Release */,
			);
			defaultConfigurationIsVisible = 0;
			defaultConfigurationName = Release;
		};
/* End XCConfigurationList section */
	};
	rootObject = 68BFEF392934CF6100564FE2 /* Project object */;
}
