// !$*UTF8*$!
{
	archiveVersion = 1;
	classes = {
	};
	objectVersion = 56;
	objects = {

/* Begin PBXBuildFile section */
		680F4111295E4E94006E59BB /* NimsFeature in Frameworks */ = {isa = PBXBuildFile; productRef = 680F4110295E4E94006E59BB /* NimsFeature */; };
		680F4113295E5028006E59BB /* InstanceFeature in Frameworks */ = {isa = PBXBuildFile; productRef = 680F4112295E5028006E59BB /* InstanceFeature */; };
		68142FA9293E25B100363ECE /* nvim in Copy nvim Executable */ = {isa = PBXBuildFile; fileRef = 68142FA8293E25A500363ECE /* nvim */; settings = {ATTRIBUTES = (CodeSignOnCopy, ); }; };
		682272BB293DD63800A36AB9 /* Library in Frameworks */ = {isa = PBXBuildFile; productRef = 682272BA293DD63800A36AB9 /* Library */; };
		682272BD293DD63800A36AB9 /* MessagePack in Frameworks */ = {isa = PBXBuildFile; productRef = 682272BC293DD63800A36AB9 /* MessagePack */; };
		682272BF293DD63800A36AB9 /* Neovim in Frameworks */ = {isa = PBXBuildFile; productRef = 682272BE293DD63800A36AB9 /* Neovim */; };
		68A8C918294D154600BD3EC1 /* App.swift in Sources */ = {isa = PBXBuildFile; fileRef = 68A8C917294D154600BD3EC1 /* App.swift */; };
/* End PBXBuildFile section */

/* Begin PBXCopyFilesBuildPhase section */
		684385012934D180000C4A1D /* Embed Frameworks */ = {
			isa = PBXCopyFilesBuildPhase;
			buildActionMask = 2147483647;
			dstPath = "";
			dstSubfolderSpec = 10;
			files = (
			);
			name = "Embed Frameworks";
			runOnlyForDeploymentPostprocessing = 0;
		};
		684385182934D225000C4A1D /* Embed XPC Services */ = {
			isa = PBXCopyFilesBuildPhase;
			buildActionMask = 2147483647;
			dstPath = "$(CONTENTS_FOLDER_PATH)/XPCServices";
			dstSubfolderSpec = 16;
			files = (
			);
			name = "Embed XPC Services";
			runOnlyForDeploymentPostprocessing = 0;
		};
		68A323C7293B79AB0028A87D /* Copy nvim Executable */ = {
			isa = PBXCopyFilesBuildPhase;
			buildActionMask = 2147483647;
			dstPath = "";
			dstSubfolderSpec = 6;
			files = (
				68142FA9293E25B100363ECE /* nvim in Copy nvim Executable */,
			);
			name = "Copy nvim Executable";
			runOnlyForDeploymentPostprocessing = 0;
		};
/* End PBXCopyFilesBuildPhase section */

/* Begin PBXFileReference section */
		68142FA8293E25A500363ECE /* nvim */ = {isa = PBXFileReference; lastKnownFileType = "compiled.mach-o.executable"; name = nvim; path = .build/bin/nvim; sourceTree = "<group>"; };
		682272C0293DE09C00A36AB9 /* Scripts */ = {isa = PBXFileReference; lastKnownFileType = folder; path = Scripts; sourceTree = "<group>"; };
		682DF1D5293DC59500DACFE7 /* Modules */ = {isa = PBXFileReference; lastKnownFileType = wrapper; path = Modules; sourceTree = "<group>"; };
		683D88BF293AD3C700FF2688 /* Info.plist */ = {isa = PBXFileReference; lastKnownFileType = text.plist; path = Info.plist; sourceTree = "<group>"; };
		68A8C917294D154600BD3EC1 /* App.swift */ = {isa = PBXFileReference; lastKnownFileType = sourcecode.swift; path = App.swift; sourceTree = "<group>"; };
		68BFEF412934CF6100564FE2 /* Nims.app */ = {isa = PBXFileReference; explicitFileType = wrapper.application; includeInIndex = 0; path = Nims.app; sourceTree = BUILT_PRODUCTS_DIR; };
		68BFEF4B2934CF6200564FE2 /* Nims.entitlements */ = {isa = PBXFileReference; lastKnownFileType = text.plist.entitlements; path = Nims.entitlements; sourceTree = "<group>"; };
/* End PBXFileReference section */

/* Begin PBXFrameworksBuildPhase section */
		68BFEF3E2934CF6100564FE2 /* Frameworks */ = {
			isa = PBXFrameworksBuildPhase;
			buildActionMask = 2147483647;
			files = (
				680F4113295E5028006E59BB /* InstanceFeature in Frameworks */,
				682272BB293DD63800A36AB9 /* Library in Frameworks */,
				682272BD293DD63800A36AB9 /* MessagePack in Frameworks */,
				680F4111295E4E94006E59BB /* NimsFeature in Frameworks */,
				682272BF293DD63800A36AB9 /* Neovim in Frameworks */,
			);
			runOnlyForDeploymentPostprocessing = 0;
		};
/* End PBXFrameworksBuildPhase section */

/* Begin PBXGroup section */
		684384D02934D04A000C4A1D /* Sources */ = {
			isa = PBXGroup;
			children = (
				68A8C917294D154600BD3EC1 /* App.swift */,
			);
			path = Sources;
			sourceTree = "<group>";
		};
		6843851A2934D3EE000C4A1D /* Frameworks */ = {
			isa = PBXGroup;
			children = (
			);
			name = Frameworks;
			sourceTree = "<group>";
		};
		68A323CF293B93070028A87D /* Locations */ = {
			isa = PBXGroup;
			children = (
				682272C0293DE09C00A36AB9 /* Scripts */,
				68142FA8293E25A500363ECE /* nvim */,
			);
			name = Locations;
			sourceTree = "<group>";
		};
		68BFEF382934CF6100564FE2 = {
			isa = PBXGroup;
			children = (
				68BFEF432934CF6100564FE2 /* Nims */,
				682DF1D5293DC59500DACFE7 /* Modules */,
				68BFEF422934CF6100564FE2 /* Products */,
				6843851A2934D3EE000C4A1D /* Frameworks */,
				68A323CF293B93070028A87D /* Locations */,
			);
			sourceTree = "<group>";
		};
		68BFEF422934CF6100564FE2 /* Products */ = {
			isa = PBXGroup;
			children = (
				68BFEF412934CF6100564FE2 /* Nims.app */,
			);
			name = Products;
			sourceTree = "<group>";
		};
		68BFEF432934CF6100564FE2 /* Nims */ = {
			isa = PBXGroup;
			children = (
				683D88BF293AD3C700FF2688 /* Info.plist */,
				684384D02934D04A000C4A1D /* Sources */,
				68FFE9732938440600B0A882 /* Support */,
			);
			path = Nims;
			sourceTree = "<group>";
		};
		68FFE9732938440600B0A882 /* Support */ = {
			isa = PBXGroup;
			children = (
				68BFEF4B2934CF6200564FE2 /* Nims.entitlements */,
			);
			path = Support;
			sourceTree = "<group>";
		};
/* End PBXGroup section */

/* Begin PBXNativeTarget section */
		68BFEF402934CF6100564FE2 /* Nims */ = {
			isa = PBXNativeTarget;
			buildConfigurationList = 68BFEF4E2934CF6200564FE2 /* Build configuration list for PBXNativeTarget "Nims" */;
			buildPhases = (
				68BFEF3D2934CF6100564FE2 /* Sources */,
				68F379F0294C814B00A9E7FE /* Run swiftformat */,
				68BFEF3E2934CF6100564FE2 /* Frameworks */,
				68BFEF3F2934CF6100564FE2 /* Resources */,
				684385012934D180000C4A1D /* Embed Frameworks */,
				684385182934D225000C4A1D /* Embed XPC Services */,
				68A323C7293B79AB0028A87D /* Copy nvim Executable */,
			);
			buildRules = (
			);
			dependencies = (
			);
			name = Nims;
			packageProductDependencies = (
				682272BA293DD63800A36AB9 /* Library */,
				682272BC293DD63800A36AB9 /* MessagePack */,
				682272BE293DD63800A36AB9 /* Neovim */,
				680F4110295E4E94006E59BB /* NimsFeature */,
				680F4112295E5028006E59BB /* InstanceFeature */,
			);
			productName = Nims;
			productReference = 68BFEF412934CF6100564FE2 /* Nims.app */;
			productType = "com.apple.product-type.application";
		};
/* End PBXNativeTarget section */

/* Begin PBXProject section */
		68BFEF392934CF6100564FE2 /* Project object */ = {
			isa = PBXProject;
			attributes = {
				BuildIndependentTargetsInParallel = 1;
				LastSwiftUpdateCheck = 1410;
				LastUpgradeCheck = 1420;
				TargetAttributes = {
					68BFEF402934CF6100564FE2 = {
						CreatedOnToolsVersion = 14.1;
					};
				};
			};
			buildConfigurationList = 68BFEF3C2934CF6100564FE2 /* Build configuration list for PBXProject "Nims" */;
			compatibilityVersion = "Xcode 14.0";
			developmentRegion = en;
			hasScannedForEncodings = 0;
			knownRegions = (
				en,
				Base,
			);
			mainGroup = 68BFEF382934CF6100564FE2;
			packageReferences = (
			);
			productRefGroup = 68BFEF422934CF6100564FE2 /* Products */;
			projectDirPath = "";
			projectRoot = "";
			targets = (
				68BFEF402934CF6100564FE2 /* Nims */,
			);
		};
/* End PBXProject section */

/* Begin PBXResourcesBuildPhase section */
		68BFEF3F2934CF6100564FE2 /* Resources */ = {
			isa = PBXResourcesBuildPhase;
			buildActionMask = 2147483647;
			files = (
			);
			runOnlyForDeploymentPostprocessing = 0;
		};
/* End PBXResourcesBuildPhase section */

/* Begin PBXShellScriptBuildPhase section */
		68F379F0294C814B00A9E7FE /* Run swiftformat */ = {
			isa = PBXShellScriptBuildPhase;
			alwaysOutOfDate = 1;
			buildActionMask = 2147483647;
			files = (
			);
			inputFileListPaths = (
			);
			inputPaths = (
			);
			name = "Run swiftformat";
			outputFileListPaths = (
			);
			outputPaths = (
			);
			runOnlyForDeploymentPostprocessing = 0;
			shellPath = /bin/sh;
			shellScript = "EXECUTABLE_FILE=\"/opt/homebrew/bin/swiftformat\"\n\nif [ ! -x \"${EXECUTABLE_FILE}\" ]; then\n  >&2 echo \"warning: ${EXECUTABLE_FILE} could not be found\"\n  exit\nfi\n\n\"${EXECUTABLE_FILE}\" --config \"${PROJECT_DIR}/.swiftformat\" \"${PROJECT_DIR}/Nims/Sources\" \"${PROJECT_DIR}/Modules/Sources\" \"${PROJECT_DIR}/Modules/Tests\"\n\nunset EXECUTABLE_FILE\n";
		};
/* End PBXShellScriptBuildPhase section */

/* Begin PBXSourcesBuildPhase section */
		68BFEF3D2934CF6100564FE2 /* Sources */ = {
			isa = PBXSourcesBuildPhase;
			buildActionMask = 2147483647;
			files = (
				68A8C918294D154600BD3EC1 /* App.swift in Sources */,
			);
			runOnlyForDeploymentPostprocessing = 0;
		};
/* End PBXSourcesBuildPhase section */

/* Begin XCBuildConfiguration section */
		68BFEF4C2934CF6200564FE2 /* Debug */ = {
			isa = XCBuildConfiguration;
			buildSettings = {
				ALWAYS_SEARCH_USER_PATHS = NO;
				CLANG_ANALYZER_NONNULL = YES;
				CLANG_ANALYZER_NUMBER_OBJECT_CONVERSION = YES_AGGRESSIVE;
				CLANG_CXX_LANGUAGE_STANDARD = "c++20";
				CLANG_ENABLE_MODULES = YES;
				CLANG_ENABLE_OBJC_ARC = YES;
				CLANG_ENABLE_OBJC_WEAK = YES;
				CLANG_WARN_BLOCK_CAPTURE_AUTORELEASING = YES;
				CLANG_WARN_BOOL_CONVERSION = YES;
				CLANG_WARN_COMMA = YES;
				CLANG_WARN_CONSTANT_CONVERSION = YES;
				CLANG_WARN_DEPRECATED_OBJC_IMPLEMENTATIONS = YES;
				CLANG_WARN_DIRECT_OBJC_ISA_USAGE = YES_ERROR;
				CLANG_WARN_DOCUMENTATION_COMMENTS = YES;
				CLANG_WARN_EMPTY_BODY = YES;
				CLANG_WARN_ENUM_CONVERSION = YES;
				CLANG_WARN_INFINITE_RECURSION = YES;
				CLANG_WARN_INT_CONVERSION = YES;
				CLANG_WARN_NON_LITERAL_NULL_CONVERSION = YES;
				CLANG_WARN_OBJC_IMPLICIT_RETAIN_SELF = YES;
				CLANG_WARN_OBJC_LITERAL_CONVERSION = YES;
				CLANG_WARN_OBJC_ROOT_CLASS = YES_ERROR;
				CLANG_WARN_QUOTED_INCLUDE_IN_FRAMEWORK_HEADER = YES;
				CLANG_WARN_RANGE_LOOP_ANALYSIS = YES;
				CLANG_WARN_STRICT_PROTOTYPES = YES;
				CLANG_WARN_SUSPICIOUS_MOVE = YES;
				CLANG_WARN_UNGUARDED_AVAILABILITY = YES_AGGRESSIVE;
				CLANG_WARN_UNREACHABLE_CODE = YES;
				CLANG_WARN__DUPLICATE_METHOD_MATCH = YES;
				COPY_PHASE_STRIP = NO;
				DEAD_CODE_STRIPPING = YES;
				DEBUG_INFORMATION_FORMAT = dwarf;
				ENABLE_STRICT_OBJC_MSGSEND = YES;
				ENABLE_TESTABILITY = YES;
				GCC_C_LANGUAGE_STANDARD = c11;
				GCC_DYNAMIC_NO_PIC = NO;
				GCC_NO_COMMON_BLOCKS = YES;
				GCC_OPTIMIZATION_LEVEL = 0;
				GCC_PREPROCESSOR_DEFINITIONS = (
					"DEBUG=1",
					"$(inherited)",
				);
				GCC_WARN_64_TO_32_BIT_CONVERSION = YES;
				GCC_WARN_ABOUT_RETURN_TYPE = YES_ERROR;
				GCC_WARN_UNDECLARED_SELECTOR = YES;
				GCC_WARN_UNINITIALIZED_AUTOS = YES_AGGRESSIVE;
				GCC_WARN_UNUSED_FUNCTION = YES;
				GCC_WARN_UNUSED_VARIABLE = YES;
				HEADER_SEARCH_PATHS = (
					"Third-Party/neovim/.deps/usr/include",
					/opt/homebrew/include,
				);
				MACOSX_DEPLOYMENT_TARGET = 13.0;
				MTL_ENABLE_DEBUG_INFO = INCLUDE_SOURCE;
				MTL_FAST_MATH = YES;
				ONLY_ACTIVE_ARCH = YES;
				SDKROOT = macosx;
				SWIFT_ACTIVE_COMPILATION_CONDITIONS = DEBUG;
				SWIFT_OPTIMIZATION_LEVEL = "-Onone";
				SWIFT_STRICT_CONCURRENCY = complete;
			};
			name = Debug;
		};
		68BFEF4D2934CF6200564FE2 /* Release */ = {
			isa = XCBuildConfiguration;
			buildSettings = {
				ALWAYS_SEARCH_USER_PATHS = NO;
				CLANG_ANALYZER_NONNULL = YES;
				CLANG_ANALYZER_NUMBER_OBJECT_CONVERSION = YES_AGGRESSIVE;
				CLANG_CXX_LANGUAGE_STANDARD = "c++20";
				CLANG_ENABLE_MODULES = YES;
				CLANG_ENABLE_OBJC_ARC = YES;
				CLANG_ENABLE_OBJC_WEAK = YES;
				CLANG_WARN_BLOCK_CAPTURE_AUTORELEASING = YES;
				CLANG_WARN_BOOL_CONVERSION = YES;
				CLANG_WARN_COMMA = YES;
				CLANG_WARN_CONSTANT_CONVERSION = YES;
				CLANG_WARN_DEPRECATED_OBJC_IMPLEMENTATIONS = YES;
				CLANG_WARN_DIRECT_OBJC_ISA_USAGE = YES_ERROR;
				CLANG_WARN_DOCUMENTATION_COMMENTS = YES;
				CLANG_WARN_EMPTY_BODY = YES;
				CLANG_WARN_ENUM_CONVERSION = YES;
				CLANG_WARN_INFINITE_RECURSION = YES;
				CLANG_WARN_INT_CONVERSION = YES;
				CLANG_WARN_NON_LITERAL_NULL_CONVERSION = YES;
				CLANG_WARN_OBJC_IMPLICIT_RETAIN_SELF = YES;
				CLANG_WARN_OBJC_LITERAL_CONVERSION = YES;
				CLANG_WARN_OBJC_ROOT_CLASS = YES_ERROR;
				CLANG_WARN_QUOTED_INCLUDE_IN_FRAMEWORK_HEADER = YES;
				CLANG_WARN_RANGE_LOOP_ANALYSIS = YES;
				CLANG_WARN_STRICT_PROTOTYPES = YES;
				CLANG_WARN_SUSPICIOUS_MOVE = YES;
				CLANG_WARN_UNGUARDED_AVAILABILITY = YES_AGGRESSIVE;
				CLANG_WARN_UNREACHABLE_CODE = YES;
				CLANG_WARN__DUPLICATE_METHOD_MATCH = YES;
				COPY_PHASE_STRIP = NO;
				DEAD_CODE_STRIPPING = YES;
				DEBUG_INFORMATION_FORMAT = "dwarf-with-dsym";
				ENABLE_NS_ASSERTIONS = NO;
				ENABLE_STRICT_OBJC_MSGSEND = YES;
				GCC_C_LANGUAGE_STANDARD = c11;
				GCC_NO_COMMON_BLOCKS = YES;
				GCC_WARN_64_TO_32_BIT_CONVERSION = YES;
				GCC_WARN_ABOUT_RETURN_TYPE = YES_ERROR;
				GCC_WARN_UNDECLARED_SELECTOR = YES;
				GCC_WARN_UNINITIALIZED_AUTOS = YES_AGGRESSIVE;
				GCC_WARN_UNUSED_FUNCTION = YES;
				GCC_WARN_UNUSED_VARIABLE = YES;
				HEADER_SEARCH_PATHS = (
					"Third-Party/neovim/.deps/usr/include",
					/opt/homebrew/include,
				);
				MACOSX_DEPLOYMENT_TARGET = 13.0;
				MTL_ENABLE_DEBUG_INFO = NO;
				MTL_FAST_MATH = YES;
				SDKROOT = macosx;
				SWIFT_COMPILATION_MODE = wholemodule;
				SWIFT_OPTIMIZATION_LEVEL = "-O";
				SWIFT_STRICT_CONCURRENCY = complete;
			};
			name = Release;
		};
		68BFEF4F2934CF6200564FE2 /* Debug */ = {
			isa = XCBuildConfiguration;
			buildSettings = {
				ASSETCATALOG_COMPILER_APPICON_NAME = AppIcon;
				ASSETCATALOG_COMPILER_GLOBAL_ACCENT_COLOR_NAME = AccentColor;
				ASSETCATALOG_COMPILER_INCLUDE_ALL_APPICON_ASSETS = NO;
				CODE_SIGN_ENTITLEMENTS = Nims/Support/Nims.entitlements;
				CODE_SIGN_IDENTITY = "-";
				"CODE_SIGN_IDENTITY[sdk=macosx*]" = "Apple Development";
				CODE_SIGN_STYLE = Automatic;
				COMBINE_HIDPI_IMAGES = YES;
				CURRENT_PROJECT_VERSION = 1;
				DEAD_CODE_STRIPPING = YES;
				DEVELOPMENT_TEAM = WXA9R8SW25;
				GENERATE_INFOPLIST_FILE = YES;
				HEADER_SEARCH_PATHS = "$(inherited)";
				INFOPLIST_FILE = Nims/Info.plist;
				INFOPLIST_KEY_LSApplicationCategoryType = "public.app-category.developer-tools";
				INFOPLIST_KEY_NSHumanReadableCopyright = "Copyright © 2022 foxacid7cd. All rights reserved.";
				INFOPLIST_KEY_NSMainNibFile = MainMenu;
				INFOPLIST_KEY_NSPrincipalClass = NSApplication;
				LD_RUNPATH_SEARCH_PATHS = (
					"$(inherited)",
					"@executable_path/../Frameworks",
				);
				MACOSX_DEPLOYMENT_TARGET = 13.0;
				MARKETING_VERSION = 1.0;
				PRODUCT_BUNDLE_IDENTIFIER = foxacid7cd.Nims;
				PRODUCT_NAME = "$(TARGET_NAME)";
				SWIFT_EMIT_LOC_STRINGS = YES;
				SWIFT_STRICT_CONCURRENCY = minimal;
				SWIFT_VERSION = 5.0;
			};
			name = Debug;
		};
		68BFEF502934CF6200564FE2 /* Release */ = {
			isa = XCBuildConfiguration;
			buildSettings = {
				ASSETCATALOG_COMPILER_APPICON_NAME = AppIcon;
				ASSETCATALOG_COMPILER_GLOBAL_ACCENT_COLOR_NAME = AccentColor;
				ASSETCATALOG_COMPILER_INCLUDE_ALL_APPICON_ASSETS = NO;
				CODE_SIGN_ENTITLEMENTS = Nims/Support/Nims.entitlements;
				CODE_SIGN_IDENTITY = "-";
				"CODE_SIGN_IDENTITY[sdk=macosx*]" = "Apple Development";
				CODE_SIGN_STYLE = Automatic;
				COMBINE_HIDPI_IMAGES = YES;
				CURRENT_PROJECT_VERSION = 1;
				DEAD_CODE_STRIPPING = YES;
				DEVELOPMENT_TEAM = WXA9R8SW25;
				GENERATE_INFOPLIST_FILE = YES;
				HEADER_SEARCH_PATHS = "$(inherited)";
				INFOPLIST_FILE = Nims/Info.plist;
				INFOPLIST_KEY_LSApplicationCategoryType = "public.app-category.developer-tools";
				INFOPLIST_KEY_NSHumanReadableCopyright = "Copyright © 2022 foxacid7cd. All rights reserved.";
				INFOPLIST_KEY_NSMainNibFile = MainMenu;
				INFOPLIST_KEY_NSPrincipalClass = NSApplication;
				LD_RUNPATH_SEARCH_PATHS = (
					"$(inherited)",
					"@executable_path/../Frameworks",
				);
				MACOSX_DEPLOYMENT_TARGET = 13.0;
				MARKETING_VERSION = 1.0;
				ONLY_ACTIVE_ARCH = YES;
				PRODUCT_BUNDLE_IDENTIFIER = foxacid7cd.Nims;
				PRODUCT_NAME = "$(TARGET_NAME)";
				SWIFT_EMIT_LOC_STRINGS = YES;
				SWIFT_STRICT_CONCURRENCY = minimal;
				SWIFT_VERSION = 5.0;
			};
			name = Release;
		};
/* End XCBuildConfiguration section */

/* Begin XCConfigurationList section */
		68BFEF3C2934CF6100564FE2 /* Build configuration list for PBXProject "Nims" */ = {
			isa = XCConfigurationList;
			buildConfigurations = (
				68BFEF4C2934CF6200564FE2 /* Debug */,
				68BFEF4D2934CF6200564FE2 /* Release */,
			);
			defaultConfigurationIsVisible = 0;
			defaultConfigurationName = Release;
		};
		68BFEF4E2934CF6200564FE2 /* Build configuration list for PBXNativeTarget "Nims" */ = {
			isa = XCConfigurationList;
			buildConfigurations = (
				68BFEF4F2934CF6200564FE2 /* Debug */,
				68BFEF502934CF6200564FE2 /* Release */,
			);
			defaultConfigurationIsVisible = 0;
			defaultConfigurationName = Release;
		};
/* End XCConfigurationList section */

/* Begin XCSwiftPackageProductDependency section */
		680F4110295E4E94006E59BB /* NimsFeature */ = {
			isa = XCSwiftPackageProductDependency;
			productName = NimsFeature;
		};
		680F4112295E5028006E59BB /* InstanceFeature */ = {
			isa = XCSwiftPackageProductDependency;
			productName = InstanceFeature;
		};
		682272BA293DD63800A36AB9 /* Library */ = {
			isa = XCSwiftPackageProductDependency;
			productName = Library;
		};
		682272BC293DD63800A36AB9 /* MessagePack */ = {
			isa = XCSwiftPackageProductDependency;
			productName = MessagePack;
		};
		682272BE293DD63800A36AB9 /* Neovim */ = {
			isa = XCSwiftPackageProductDependency;
			productName = Neovim;
		};
/* End XCSwiftPackageProductDependency section */
	};
	rootObject = 68BFEF392934CF6100564FE2 /* Project object */;
}
